{
  "name": "quits-sqlite-worker",
  "version": "0.0.0",
  "lockfileVersion": 3,
  "requires": true,
  "packages": {
    "": {
      "name": "quits-sqlite-worker",
      "version": "0.0.0",
      "license": "AGPL-3.0-or-later",
      "dependencies": {
        "@sqlite.org/sqlite-wasm": "^3.50.1-build1"
      }
    },
    "node_modules/@sqlite.org/sqlite-wasm": {
      "version": "3.50.1-build1",
      "resolved": "https://registry.npmjs.org/@sqlite.org/sqlite-wasm/-/sqlite-wasm-3.50.1-build1.tgz",
      "integrity": "sha512-yH4M/SHN98NibniIwTVk6rwTJjy7n39l7zwWY3u+qsfZBGTi4lC1uEl2NDvIlkzsFtfCBvHBJJFJ1iuU3UzzEQ==",
      "license": "Apache-2.0",
      "bin": {
        "sqlite-wasm": "bin/index.js"
      }
    }
  }
}
